
Microsoft Visual Studio Solution File, Format Version 12.00
# Visual Studio Version 17
VisualStudioVersion = 17.2.32526.322
MinimumVisualStudioVersion = 10.0.40219.1
Project("{FAE04EC0-301F-11D3-BF4B-00C04F79EFBC}") = "Техникум", "Техникум.csproj", "{2BB8DD26-6D00-4D76-892B-9EB11C0AE2BF}"
EndProject
Global
	GlobalSection(SolutionConfigurationPlatforms) = preSolution
		Debug|Any CPU = Debug|Any CPU
		Release|Any CPU = Release|Any CPU
	EndGlobalSection
	GlobalSection(ProjectConfigurationPlatforms) = postSolution
		{2BB8DD26-6D00-4D76-892B-9EB11C0AE2BF}.Debug|Any CPU.ActiveCfg = Debug|Any CPU
		{2BB8DD26-6D00-4D76-892B-9EB11C0AE2BF}.Debug|Any CPU.Build.0 = Debug|Any CPU
		{2BB8DD26-6D00-4D76-892B-9EB11C0AE2BF}.Release|Any CPU.ActiveCfg = Release|Any CPU
		{2BB8DD26-6D00-4D76-892B-9EB11C0AE2BF}.Release|Any CPU.Build.0 = Release|Any CPU
	EndGlobalSection
	GlobalSection(SolutionProperties) = preSolution
		HideSolutionNode = FALSE
	EndGlobalSection
	GlobalSection(ExtensibilityGlobals) = postSolution
		SolutionGuid = {0B139D23-E4D4-4864-8B8A-683A45A62B4A}
	EndGlobalSection
EndGlobal
